
Microsoft Visual Studio Solution File, Format Version 12.00
# Visual Studio 15
VisualStudioVersion = 15.0.27428.2011
MinimumVisualStudioVersion = 10.0.40219.1
Project("{FAE04EC0-301F-11D3-BF4B-00C04F79EFBC}") = "Training_1st_day", "Training_1st_day\Training_1st_day.csproj", "{9CFA3B90-8E1E-4C5F-8678-CA7B72E3A8E7}"
EndProject
Global
	GlobalSection(SolutionConfigurationPlatforms) = preSolution
		Debug|Any CPU = Debug|Any CPU
		Release|Any CPU = Release|Any CPU
	EndGlobalSection
	GlobalSection(ProjectConfigurationPlatforms) = postSolution
		{9CFA3B90-8E1E-4C5F-8678-CA7B72E3A8E7}.Debug|Any CPU.ActiveCfg = Debug|Any CPU
		{9CFA3B90-8E1E-4C5F-8678-CA7B72E3A8E7}.Debug|Any CPU.Build.0 = Debug|Any CPU
		{9CFA3B90-8E1E-4C5F-8678-CA7B72E3A8E7}.Release|Any CPU.ActiveCfg = Release|Any CPU
		{9CFA3B90-8E1E-4C5F-8678-CA7B72E3A8E7}.Release|Any CPU.Build.0 = Release|Any CPU
	EndGlobalSection
	GlobalSection(SolutionProperties) = preSolution
		HideSolutionNode = FALSE
	EndGlobalSection
	GlobalSection(ExtensibilityGlobals) = postSolution
		SolutionGuid = {63C88EB1-EBEF-4BB9-B827-60374331B8AD}
	EndGlobalSection
EndGlobal
